{
  "name": "@darkwolf/period",
  "version": "1.0.2",
  "lockfileVersion": 1,
  "requires": true,
  "dependencies": {
    "@darkwolf/duration": {
      "version": "1.1.4",
      "resolved": "https://registry.npmjs.org/@darkwolf/duration/-/duration-1.1.4.tgz",
      "integrity": "sha512-G4ixYwmsBuK9F4Ly+NkPtBrvoASACxeOE10hq/+DKhTgmNt4nLfYzLnahqZftoauy0/iZ+zpC30cspb5mrdWBw==",
      "requires": {
        "@darkwolf/primordials": "^1.2.1"
      }
    },
    "@darkwolf/primordials": {
      "version": "1.2.1",
      "resolved": "https://registry.npmjs.org/@darkwolf/primordials/-/primordials-1.2.1.tgz",
      "integrity": "sha512-62loW0O1/Iu7ts8U9me7oI3p2g7HHtVib7ISkRcLpvZS1q0U8x03UPDKkScYYKJukDf3d2Ns27EKnW/HJbm8Ag=="
    },
    "@darkwolf/timestamp": {
      "version": "1.0.9",
      "resolved": "https://registry.npmjs.org/@darkwolf/timestamp/-/timestamp-1.0.9.tgz",
      "integrity": "sha512-ge8PpAdsbnJvAXz4//nDlhXkw0iv9tkoy7fg8o3EaU4vwULsja5am1bS2nHm/6IXntYQnAmX2awL0Y+FBeoUKQ==",
      "requires": {
        "@darkwolf/duration": "^1.1.4",
        "@darkwolf/primordials": "^1.2.1"
      }
    }
  }
}
